git.schwanenlied.me/yawning/x448.git v0.0.0-20170617130356-01b048fb03d6 h1:w8IZgCntCe0RuBJp+dENSMwEBl/k8saTgJ5hPca5IWw=
git.schwanenlied.me/yawning/x448.git v0.0.0-20170617130356-01b048fb03d6/go.mod h1:wQaGCqEu44ykB17jZHCevrgSVl3KJnwQBObUtrKU4uU=
github.com/chris-wood/ohttp-go v0.0.0-20220728175731-c1b6f90df395 h1:INx0lH6w9OVVcZnweCu4RprNFaIyIXyx0PGMzWB8Yoc=
github.com/chris-wood/ohttp-go v0.0.0-20220728175731-c1b6f90df395/go.mod h1:Z1fw5u1IPfnsMBHQk4AsV0cOXYk/IO5R0W3maMtUgNc=
github.com/chris-wood/ohttp-go v0.0.0-20220728190659-ea1ff472bca1 h1:gx3svGIRYDsGdhCaZ3S3ehKwBuMQI1NKdpE/lxPnXPs=
github.com/chris-wood/ohttp-go v0.0.0-20220728190659-ea1ff472bca1/go.mod h1:Z1fw5u1IPfnsMBHQk4AsV0cOXYk/IO5R0W3maMtUgNc=
github.com/chris-wood/ohttp-go v0.0.0-20220728191615-12a2306248e1 h1:sCgEDxF9OMyyVNNF2BFcavly8fkN5O7jKk4VXg5+CqU=
github.com/chris-wood/ohttp-go v0.0.0-20220728191615-12a2306248e1/go.mod h1:Z1fw5u1IPfnsMBHQk4AsV0cOXYk/IO5R0W3maMtUgNc=
github.com/chris-wood/ohttp-go v0.0.0-20220728193131-a7eb3d79903a h1:CAqUVMxDVfqrXLxbGjkQNjI/MqXyt48KUK5zXXXr7dM=
github.com/chris-wood/ohttp-go v0.0.0-20220728193131-a7eb3d79903a/go.mod h1:Z1fw5u1IPfnsMBHQk4AsV0cOXYk/IO5R0W3maMtUgNc=
github.com/chris-wood/ohttp-go v0.0.0-20220728213057-c888004be576 h1:H7mP7weFDpUnm9BGaIcgDpUVjXF8WmTDmpttmu1OaoM=
github.com/chris-wood/ohttp-go v0.0.0-20220728213057-c888004be576/go.mod h1:Z1fw5u1IPfnsMBHQk4AsV0cOXYk/IO5R0W3maMtUgNc=
github.com/chris-wood/ohttp-go v0.0.0-20220728213643-015c9b1e648a h1:3cA9lpNWZrGAQiT2D1PLtoePgMKkeO7M8kibG0jAI00=
github.com/chris-wood/ohttp-go v0.0.0-20220728213643-015c9b1e648a/go.mod h1:Z1fw5u1IPfnsMBHQk4AsV0cOXYk/IO5R0W3maMtUgNc=
github.com/chris-wood/ohttp-go v0.0.0-20220728214102-e489242d37fc h1:cknz1dMw99O8hfNMwCeVxI1C3c6/QlPjvmNGnWlGdCQ=
github.com/chris-wood/ohttp-go v0.0.0-20220728214102-e489242d37fc/go.mod h1:Z1fw5u1IPfnsMBHQk4AsV0cOXYk/IO5R0W3maMtUgNc=
github.com/chris-wood/ohttp-go v0.0.0-20220728214441-02b22938ab6c h1:Zgq6Oop9qNAhfYGHPwRq/oYkXOQ5LTGFEa84ng9tKlQ=
github.com/chris-wood/ohttp-go v0.0.0-20220728214441-02b22938ab6c/go.mod h1:Z1fw5u1IPfnsMBHQk4AsV0cOXYk/IO5R0W3maMtUgNc=
github.com/chris-wood/ohttp-go v0.0.0-20220802165813-86ddbfbcd3a3 h1:5dh+GBgW10L+14TrWBbAARS2zcpF3imc4JlHp2odpb0=
github.com/chris-wood/ohttp-go v0.0.0-20220802165813-86ddbfbcd3a3/go.mod h1:Z1fw5u1IPfnsMBHQk4AsV0cOXYk/IO5R0W3maMtUgNc=
github.com/chris-wood/ohttp-go v0.0.0-20220810133118-4ce98fe73de7 h1:Cfsjs56edRr2ZsLlNuY6hDgjbo/n90GblGwjxm/BDE4=
github.com/chris-wood/ohttp-go v0.0.0-20220810133118-4ce98fe73de7/go.mod h1:Z1fw5u1IPfnsMBHQk4AsV0cOXYk/IO5R0W3maMtUgNc=
github.com/chris-wood/ohttp-go v0.0.0-20220810133439-e65868841109 h1:gtbD7nSngi1cgnoBodUtQWCTU1UqQUcQiTQJdz8cqAA=
github.com/chris-wood/ohttp-go v0.0.0-20220810133439-e65868841109/go.mod h1:Z1fw5u1IPfnsMBHQk4AsV0cOXYk/IO5R0W3maMtUgNc=
github.com/cisco/go-hpke v0.0.0-20210215210317-01c430f1f302/go.mod h1:RSsoIHRMBe69FbF/fIbmWYa3rrC6vuPyC0MbNUpel3Q=
github.com/cisco/go-hpke v0.0.0-20210524174249-dd22b38cf960/go.mod h1:RSsoIHRMBe69FbF/fIbmWYa3rrC6vuPyC0MbNUpel3Q=
github.com/cisco/go-hpke v0.0.0-20220110164554-aec202176774 h1:qh4/iQM+NF66UCzC6vcSs+MGBnQeyrcr6Sbv5ObAOIQ=
github.com/cisco/go-hpke v0.0.0-20220110164554-aec202176774/go.mod h1:RSsoIHRMBe69FbF/fIbmWYa3rrC6vuPyC0MbNUpel3Q=
github.com/cisco/go-tls-syntax v0.0.0-20200617162716-46b0cfb76b9b h1:Ves2turKTX7zruivAcUOQg155xggcbv3suVdbKCBQNM=
github.com/cisco/go-tls-syntax v0.0.0-20200617162716-46b0cfb76b9b/go.mod h1:0AZAV7lYvynZQ5ErHlGMKH+4QYMyNCFd+AiL9MlrCYA=
github.com/cloudflare/circl v1.0.0 h1:64b6pyfCFbYm623ncIkYGNZaOcmIbyd+CjyMi2L9vdI=
github.com/cloudflare/circl v1.0.0/go.mod h1:MhjB3NEEhJbTOdLLq964NIUisXDxaE1WkQPUxtgZXiY=
github.com/cloudflare/odoh-go v1.0.0 h1:4ZRBHNFC0wefDpWKuSXDuw6SsEulP3QrS/rqG9RVCgo=
github.com/cloudflare/odoh-go v1.0.0/go.mod h1:J3Doz827YDYvz4hEmJU6q45hRFOqxUBL6NRUuEfjMxA=
github.com/davecgh/go-spew v1.1.0 h1:ZDRjVQ15GmhC3fiQ8ni8+OwkZQO4DARzQgrnXU1Liz8=
github.com/davecgh/go-spew v1.1.0/go.mod h1:J7Y8YcW2NihsgmVo/mv3lAwl/skON4iLHjSsI+c5H38=
github.com/golang/protobuf v1.5.0/go.mod h1:FsONVRAS9T7sI+LIUmWTfcYkHO4aIWwzhcaSAoJOfIk=
github.com/golang/protobuf v1.5.2 h1:ROPKBNFfQgOUMifHyP+KYbvpjbdoFNs+aK7DXlji0Tw=
github.com/golang/protobuf v1.5.2/go.mod h1:XVQd3VNwM+JqD3oG2Ue2ip4fOMUkwXdXDdiuN0vRsmY=
github.com/google/go-cmp v0.5.5/go.mod h1:v8dTdLbMG2kIc/vJvl+f65V22dbkXbowE6jgT/gNBxE=
github.com/miekg/dns v1.1.50 h1:DQUfb9uc6smULcREF09Uc+/Gd46YWqJd5DbpPE9xkcA=
github.com/miekg/dns v1.1.50/go.mod h1:e3IlAVfNqAllflbibAZEWOXOQ+Ynzk/dDozDxY7XnME=
github.com/pmezard/go-difflib v1.0.0 h1:4DBwDE0NGyQoBHbLQYPwSUPoCMWR5BEzIk/f1lZbAQM=
github.com/pmezard/go-difflib v1.0.0/go.mod h1:iKH77koFhYxTK1pcRnkKkqfTogsbg7gZNVY4sRDYZ/4=
github.com/stretchr/objx v0.1.0/go.mod h1:HFkY916IF+rwdDfMAkV7OtwuqBVzrE8GR6GFx+wExME=
github.com/stretchr/testify v1.6.1 h1:hDPOHmpOpP40lSULcqw7IrRb/u7w6RpDC9399XyoNd0=
github.com/stretchr/testify v1.6.1/go.mod h1:6Fq8oRcR53rry900zMqJjRRixrwX3KX962/h/Wwjteg=
github.com/yuin/goldmark v1.3.5/go.mod h1:mwnBkeHKe2W/ZEtQ+71ViKU8L12m81fl3OWwC1Zlc8k=
golang.org/x/crypto v0.0.0-20190308221718-c2843e01d9a2/go.mod h1:djNgcEr1/C05ACkg1iLfiJU5Ep61QUkGW8qpdssI0+w=
golang.org/x/crypto v0.0.0-20191011191535-87dc89f01550/go.mod h1:yigFU9vqHzYiE8UmvKecakEJjdnWj3jj499lnFckfCI=
golang.org/x/crypto v0.0.0-20200820211705-5c72a883971a/go.mod h1:LzIPMQfyMNhhGPhUkYOs5KpL4U8rLKemX1yGLhDgUto=
golang.org/x/crypto v0.0.0-20210220033148-5ea612d1eb83 h1:/ZScEX8SfEmUGRHs0gxpqteO5nfNW6axyZbBdw9A12g=
golang.org/x/crypto v0.0.0-20210220033148-5ea612d1eb83/go.mod h1:jdWPYTVW3xRLrWPugEBEK3UY2ZEsg3UU495nc5E+M+I=
golang.org/x/mod v0.4.2 h1:Gz96sIWK3OalVv/I/qNygP42zyoKp3xptRVCWRFEBvo=
golang.org/x/mod v0.4.2/go.mod h1:s0Qsj1ACt9ePp/hMypM3fl4fZqREWJwdYDEqhRiZZUA=
golang.org/x/net v0.0.0-20190404232315-eb5bcb51f2a3/go.mod h1:t9HGtf8HONx5eT2rtn7q6eTqICYqUVnKs3thJo3Qplg=
golang.org/x/net v0.0.0-20190620200207-3b0461eec859/go.mod h1:z5CRVTTTmAJ677TzLLGU+0bjPO0LkuOLi4/5GtJWs/s=
golang.org/x/net v0.0.0-20210405180319-a5a99cb37ef4/go.mod h1:p54w0d4576C0XHj96bSt6lcn1PtDYWL6XObtHCRCNQM=
golang.org/x/net v0.0.0-20210726213435-c6fcb2dbf985 h1:4CSI6oo7cOjJKajidEljs9h+uP0rRZBPPPhcCbj5mw8=
golang.org/x/net v0.0.0-20210726213435-c6fcb2dbf985/go.mod h1:9nx3DQGgdP8bBQD5qxJ1jj9UTztislL4KSBs9R2vV5Y=
golang.org/x/sync v0.0.0-20190423024810-112230192c58/go.mod h1:RxMgew5VJxzue5/jJTE5uejpjVlOe/izrB70Jof72aM=
golang.org/x/sync v0.0.0-20210220032951-036812b2e83c h1:5KslGYwFpkhGh+Q16bwMP3cOontH8FOep7tGV86Y7SQ=
golang.org/x/sync v0.0.0-20210220032951-036812b2e83c/go.mod h1:RxMgew5VJxzue5/jJTE5uejpjVlOe/izrB70Jof72aM=
golang.org/x/sys v0.0.0-20190215142949-d0b11bdaac8a/go.mod h1:STP8DvDyc/dI5b8T5hshtkjS+E42TnysNCUPdjciGhY=
golang.org/x/sys v0.0.0-20190412213103-97732733099d/go.mod h1:h1NjWce9XRLGQEsW7wpKNCjG9DtNlClVuFLEZdDNbEs=
golang.org/x/sys v0.0.0-20190602015325-4c4f7f33c9ed/go.mod h1:h1NjWce9XRLGQEsW7wpKNCjG9DtNlClVuFLEZdDNbEs=
golang.org/x/sys v0.0.0-20191026070338-33540a1f6037/go.mod h1:h1NjWce9XRLGQEsW7wpKNCjG9DtNlClVuFLEZdDNbEs=
golang.org/x/sys v0.0.0-20201119102817-f84b799fce68/go.mod h1:h1NjWce9XRLGQEsW7wpKNCjG9DtNlClVuFLEZdDNbEs=
golang.org/x/sys v0.0.0-20210220050731-9a76102bfb43/go.mod h1:h1NjWce9XRLGQEsW7wpKNCjG9DtNlClVuFLEZdDNbEs=
golang.org/x/sys v0.0.0-20210330210617-4fbd30eecc44/go.mod h1:h1NjWce9XRLGQEsW7wpKNCjG9DtNlClVuFLEZdDNbEs=
golang.org/x/sys v0.0.0-20210423082822-04245dca01da/go.mod h1:h1NjWce9XRLGQEsW7wpKNCjG9DtNlClVuFLEZdDNbEs=
golang.org/x/sys v0.0.0-20210510120138-977fb7262007/go.mod h1:oPkhp1MJrh7nUepCBck5+mAzfO9JrbApNNgaTdGDITg=
golang.org/x/sys v0.0.0-20210630005230-0f9fa26af87c h1:F1jZWGFhYfh0Ci55sIpILtKKK8p3i2/krTr0H1rg74I=
golang.org/x/sys v0.0.0-20210630005230-0f9fa26af87c/go.mod h1:oPkhp1MJrh7nUepCBck5+mAzfO9JrbApNNgaTdGDITg=
golang.org/x/term v0.0.0-20201117132131-f5c789dd3221/go.mod h1:Nr5EML6q2oocZ2LXRh80K7BxOlk5/8JxuGnuhpl+muw=
golang.org/x/term v0.0.0-20201126162022-7de9c90e9dd1/go.mod h1:bj7SfCRtBDWHUb9snDiAeCFNEtKQo2Wmx5Cou7ajbmo=
golang.org/x/text v0.3.0/go.mod h1:NqM8EUOU14njkJ3fqMW+pc6Ldnwhi/IjpwHt7yyuwOQ=
golang.org/x/text v0.3.3/go.mod h1:5Zoc/QRtKVWzQhOtBMvqHzDpF6irO9z98xDceosuGiQ=
golang.org/x/text v0.3.6/go.mod h1:5Zoc/QRtKVWzQhOtBMvqHzDpF6irO9z98xDceosuGiQ=
golang.org/x/tools v0.0.0-20180917221912-90fa682c2a6e/go.mod h1:n7NCudcB/nEzxVGmLbDWY5pfWTLqBcC2KZ6jyYvM4mQ=
golang.org/x/tools v0.0.0-20191119224855-298f0cb1881e/go.mod h1:b+2E5dAYhXwXZwtnZ6UAqBI28+e2cm9otk0dWdXHAEo=
golang.org/x/tools v0.1.6-0.20210726203631-07bc1bf47fb2 h1:BonxutuHCTL0rBDnZlKjpGIQFTjyUVTexFOdWkB6Fg0=
golang.org/x/tools v0.1.6-0.20210726203631-07bc1bf47fb2/go.mod h1:o0xws9oXOQQZyjljx8fwUC0k7L1pTE6eaCbjGeHmOkk=
golang.org/x/xerrors v0.0.0-20190717185122-a985d3407aa7/go.mod h1:I/5z698sn9Ka8TeJc9MKroUUfqBBauWjQqLJ2OPfmY0=
golang.org/x/xerrors v0.0.0-20191011141410-1b5146add898/go.mod h1:I/5z698sn9Ka8TeJc9MKroUUfqBBauWjQqLJ2OPfmY0=
golang.org/x/xerrors v0.0.0-20191204190536-9bdfabe68543/go.mod h1:I/5z698sn9Ka8TeJc9MKroUUfqBBauWjQqLJ2OPfmY0=
golang.org/x/xerrors v0.0.0-20200804184101-5ec99f83aff1 h1:go1bK/D/BFZV2I8cIQd1NKEZ+0owSTG1fDTci4IqFcE=
golang.org/x/xerrors v0.0.0-20200804184101-5ec99f83aff1/go.mod h1:I/5z698sn9Ka8TeJc9MKroUUfqBBauWjQqLJ2OPfmY0=
google.golang.org/protobuf v1.26.0-rc.1/go.mod h1:jlhhOSvTdKEhbULTjvd4ARK9grFBp09yW+WbY/TyQbw=
google.golang.org/protobuf v1.26.0 h1:bxAC2xTBsZGibn2RTntX0oH50xLsqy1OxA9tTL3p/lk=
google.golang.org/protobuf v1.26.0/go.mod h1:9q0QmTI4eRPtz6boOQmLYwt+qCgq0jsYwAQnmE0givc=
google.golang.org/protobuf v1.28.1 h1:d0NfwRgPtno5B1Wa6L2DAG+KivqkdutMf1UhdNx175w=
google.golang.org/protobuf v1.28.1/go.mod h1:HV8QOd/L58Z+nl8r43ehVNZIU/HEI6OcFqwMG9pJV4I=
gopkg.in/check.v1 v0.0.0-20161208181325-20d25e280405/go.mod h1:Co6ibVJAznAaIkqp8huTwlJQCZ016jof/cbN4VW5Yz0=
gopkg.in/yaml.v3 v3.0.0-20200313102051-9f266ea9e77c h1:dUUwHk2QECo/6vqA44rthZ8ie2QXMNeKRTHCNY2nXvo=
gopkg.in/yaml.v3 v3.0.0-20200313102051-9f266ea9e77c/go.mod h1:K4uyk7z7BCEPqu6E+C64Yfv1cQ7kz7rIZviUmN+EgEM=
